
Microsoft Visual Studio Solution File, Format Version 12.00
# Visual Studio Version 17
VisualStudioVersion = 17.3.32901.215
MinimumVisualStudioVersion = 10.0.40219.1
Project("{FAE04EC0-301F-11D3-BF4B-00C04F79EFBC}") = "Gimnasio_Pro", "TestLogin\Gimnasio_Pro.csproj", "{5A66959D-FFC7-4CB6-BC5E-A3396C050270}"
EndProject
Global
	GlobalSection(SolutionConfigurationPlatforms) = preSolution
		Debug|Any CPU = Debug|Any CPU
		Release|Any CPU = Release|Any CPU
	EndGlobalSection
	GlobalSection(ProjectConfigurationPlatforms) = postSolution
		{5A66959D-FFC7-4CB6-BC5E-A3396C050270}.Debug|Any CPU.ActiveCfg = Debug|Any CPU
		{5A66959D-FFC7-4CB6-BC5E-A3396C050270}.Debug|Any CPU.Build.0 = Debug|Any CPU
		{5A66959D-FFC7-4CB6-BC5E-A3396C050270}.Release|Any CPU.ActiveCfg = Release|Any CPU
		{5A66959D-FFC7-4CB6-BC5E-A3396C050270}.Release|Any CPU.Build.0 = Release|Any CPU
	EndGlobalSection
	GlobalSection(SolutionProperties) = preSolution
		HideSolutionNode = FALSE
	EndGlobalSection
	GlobalSection(ExtensibilityGlobals) = postSolution
		SolutionGuid = {5CAB4668-9040-4DC2-ADEA-8347A0D4AEA2}
	EndGlobalSection
EndGlobal
